version = 1
revision = 1
requires-python = ">=3.11"

[[package]]
name = "click"
version = "8.4.1"
source = { registry = "https://pypi.org/simple" }
dependencies = [
    { name = "colorama", marker = "sys_platform == 'win32'" },
]
sdist = { url = "https://files.pythonhosted.org/packages/9b/98/518d8e5081007684232226f475082b30087d0f585e8457db087298259f49/click-8.4.1.tar.gz", hash = "sha256:918b5633eddf6b41c32d4f454bf0de810065c74e3f7dbf8ee5452f8be88d3e96", size = 353007 }
wheels = [
    { url = "https://files.pythonhosted.org/packages/c7/0d/67e5b4109ea4a837e80daa87c2c696711955e40449a97e8926672534def2/click-8.4.1-py3-none-any.whl", hash = "sha256:482be17c6991b8c19c5429a1e995d9b0efdbb63172824c41f99965dc0ade8ec2", size = 116639 },
]

[[package]]
name = "colorama"
version = "0.4.6"
source = { registry = "https://pypi.org/simple" }
sdist = { url = "https://files.pythonhosted.org/packages/d8/53/6f443c9a4a8358a93a6792e2acffb9d9d5cb0a5cfd8802644b7b1c9a02e4/colorama-0.4.6.tar.gz", hash = "sha256:08695f5cb7ed6e0531a20572697297273c47b8cae5a63ffc6d6ed5c201be6e44", size = 27697 }
wheels = [
    { url = "https://files.pythonhosted.org/packages/d1/d6/3965ed04c63042e047cb6a3e6ed1a63a35087b6a609aa3a15ed8ac56c221/colorama-0.4.6-py2.py3-none-any.whl", hash = "sha256:4f1d9991f5acc0ca119f9d443620b77f9d6b33703e51011c16baf57afb285fc6", size = 25335 },
]

[[package]]
name = "grimp"
version = "3.14"
source = { registry = "https://pypi.org/simple" }
dependencies = [
    { name = "typing-extensions" },
]
sdist = { url = "https://files.pythonhosted.org/packages/63/46/79764cfb61a3ac80dadae5d94fb10acdb7800e31fecf4113cf3d345e4952/grimp-3.14.tar.gz", hash = "sha256:645fbd835983901042dae4e1b24fde3a89bf7ac152f9272dd17a97e55cb4f871", size = 830882 }
wheels = [
    { url = "https://files.pythonhosted.org/packages/25/31/d4a86207c38954b6c3d859a1fc740a80b04bbe6e3b8a39f4e66f9633dfa4/grimp-3.14-cp311-cp311-macosx_10_12_x86_64.whl", hash = "sha256:f1c91e3fa48c2196bf62e3c71492140d227b2bfcd6d15e735cbc0b3e2d5308e0", size = 2185572 },
    { url = "https://files.pythonhosted.org/packages/f5/61/ed4cba5bd75d37fe46e17a602f616619a9e4f74ad8adfcf560ce4b2a1697/grimp-3.14-cp311-cp311-macosx_11_0_arm64.whl", hash = "sha256:c6291c8f1690a9fe21b70923c60b075f4a89676541999e3d33084cbc69ac06a1", size = 2118002 },
    { url = "https://files.pythonhosted.org/packages/77/6a/688f6144d0b207d7845bd8ab403820a83630ce3c9420cbbc7c9e9282f9c0/grimp-3.14-cp311-cp311-manylinux_2_17_aarch64.manylinux2014_aarch64.whl", hash = "sha256:0ec312383935c2d09e4085c8435780ada2e13ebef14e105609c2988a02a5b2ce", size = 2283939 },
    { url = "https://files.pythonhosted.org/packages/a5/98/4c540de151bf3fd58d6d7b3fe2269b6a6af6c61c915de1bc991802bfaff8/grimp-3.14-cp311-cp311-manylinux_2_17_armv7l.manylinux2014_armv7l.whl", hash = "sha256:4f43cbf640e73ee703ad91639591046828d20103a1c363a02516e77a66a4ac07", size = 2233693 },
    { url = "https://files.pythonhosted.org/packages/3e/7b/84b4b52b6c6dd5bf083cb1a72945748f56ea2e61768bbebf87e8d9d0ef75/grimp-3.14-cp311-cp311-manylinux_2_17_i686.manylinux2014_i686.whl", hash = "sha256:2a93c9fddccb9ff16f5c6b5fca44227f5f86cba7cffc145d2176119603d2d7c7", size = 2389745 },
    { url = "https://files.pythonhosted.org/packages/a7/33/31b96907c7dd78953df5e1ce67c558bd6057220fa1203d28d52566315a2e/grimp-3.14-cp311-cp311-manylinux_2_17_ppc64le.manylinux2014_ppc64le.whl", hash = "sha256:5653a2769fdc062cb7598d12200352069c9c6559b6643af6ada3639edb98fcc3", size = 2569055 },
    { url = "https://files.pythonhosted.org/packages/b2/24/ce1a8110f3d5b178153b903aafe54b6a9216588b5bff3656e30af43e9c29/grimp-3.14-cp311-cp311-manylinux_2_17_s390x.manylinux2014_s390x.whl", hash = "sha256:071c7ddf5e5bb7b2fdf79aefdf6e1c237cd81c095d6d0a19620e777e85bf103c", size = 2358044 },
    { url = "https://files.pythonhosted.org/packages/05/7f/16d98c02287bc99884843478b9a68b04a2ef13b5cb8b9f36a9ca7daea75b/grimp-3.14-cp311-cp311-manylinux_2_17_x86_64.manylinux2014_x86_64.whl", hash = "sha256:7e01b7a4419f535b667dfdcb556d3815b52981474f791fb40d72607228389a31", size = 2310304 },
    { url = "https://files.pythonhosted.org/packages/a5/8c/0fde9781b0f6b4f9227d485685f48f6bcc70b95af22e2f85ff7f416cbfc1/grimp-3.14-cp311-cp311-musllinux_1_2_aarch64.whl", hash = "sha256:c29682f336151d1d018d0c3aa9eeaa35734b970e4593fa396b901edca7ef5c79", size = 2463682 },
    { url = "https://files.pythonhosted.org/packages/51/cb/2baff301c2c2cc2792b6e225ea0784793ca587c81b97572be0bad122cfc8/grimp-3.14-cp311-cp311-musllinux_1_2_armv7l.whl", hash = "sha256:a5c4fd71f363ea39e8aab0630010ced77a8de9789f27c0acdd0d7e6269d4a8ef", size = 2500573 },
    { url = "https://files.pythonhosted.org/packages/96/69/797e4242f42d6665da5fe22cb250cae3f14ece4cb22ad153e9cd97158179/grimp-3.14-cp311-cp311-musllinux_1_2_i686.whl", hash = "sha256:766911e3ba0b13d833fdd03ad1f217523a8a2b2527b5507335f71dca1153183d", size = 2503005 },
    { url = "https://files.pythonhosted.org/packages/fd/45/da1a27a6377807ca427cd56534231f0920e1895e16630204f382a0df14c5/grimp-3.14-cp311-cp311-musllinux_1_2_x86_64.whl", hash = "sha256:154e84a2053e9f858ae48743de23a5ad4eb994007518c29371276f59b8419036", size = 2515776 },
    { url = "https://files.pythonhosted.org/packages/4f/8d/b918a29ce98029cd7a9e33a584be43a93288d5283fb7ccef5b6b2ba39ede/grimp-3.14-cp311-cp311-win32.whl", hash = "sha256:3189c86c3e73016a1907ee3ba9f7a6ca037e3601ad09e60ce9bf12b88877f812", size = 1873189 },
    { url = "https://files.pythonhosted.org/packages/90/d7/2327c203f83a25766fbd62b0df3b24230d422b6e53518ff4d1c5e69793f1/grimp-3.14-cp311-cp311-win_amd64.whl", hash = "sha256:201f46a6a4e5ee9dfba4a2f7d043f7deab080d1d84233f4a1aee812678c25307", size = 2014277 },
    { url = "https://files.pythonhosted.org/packages/75/d6/a35ff62f35aa5fd148053506eddd7a8f2f6afaed31870dc608dd0eb38e4f/grimp-3.14-cp312-cp312-macosx_10_12_x86_64.whl", hash = "sha256:ffabc6940301214753bad89ec0bfe275892fa1f64b999e9a101f6cebfc777133", size = 2178573 },
    { url = "https://files.pythonhosted.org/packages/93/e2/bd2e80273da4d46110969fc62252e5372e0249feb872bc7fe76fdc7f1818/grimp-3.14-cp312-cp312-macosx_11_0_arm64.whl", hash = "sha256:075d9a1c78d607792d0ed8d4d3d7754a621ef04c8a95eaebf634930dc9232bb2", size = 2110452 },
    { url = "https://files.pythonhosted.org/packages/44/c3/7307249c657d34dca9d250d73ba027d6cfe15a98fb3119b6e5210bc388b7/grimp-3.14-cp312-cp312-manylinux_2_17_aarch64.manylinux2014_aarch64.whl", hash = "sha256:06ff52addeb20955a4d6aa097bee910573ffc9ef0d3c8a860844f267ad958156", size = 2283064 },
    { url = "https://files.pythonhosted.org/packages/c7/d2/cae4cf32dc8d4188837cc4ab183300d655f898969b0f169e240f3b7c25be/grimp-3.14-cp312-cp312-manylinux_2_17_armv7l.manylinux2014_armv7l.whl", hash = "sha256:d10e0663e961fcbe8d0f54608854af31f911f164c96a44112d5173050132701f", size = 2235893 },
    { url = "https://files.pythonhosted.org/packages/04/92/3f58bc3064fc305dac107d08003ba65713a5bc89a6d327f1c06b30cce752/grimp-3.14-cp312-cp312-manylinux_2_17_i686.manylinux2014_i686.whl", hash = "sha256:4ab874d7ddddc7a1291259cf7c31a4e7b5c612e9da2e24c67c0eb1a44a624e67", size = 2393376 },
    { url = "https://files.pythonhosted.org/packages/06/b8/f476f30edf114f04cb58e8ae162cb4daf52bda0ab01919f3b5b7edb98430/grimp-3.14-cp312-cp312-manylinux_2_17_ppc64le.manylinux2014_ppc64le.whl", hash = "sha256:54fec672ec83355636a852177f5a470c964bede0f6730f9ba3c7b5c8419c9eab", size = 2571342 },
    { url = "https://files.pythonhosted.org/packages/c4/ae/2e44d3c4f591f95f86322a8f4dbb5aac17001d49e079f3a80e07e7caaf09/grimp-3.14-cp312-cp312-manylinux_2_17_s390x.manylinux2014_s390x.whl", hash = "sha256:b9e221b5e8070a916c780e88c877fee2a61c95a76a76a2a076396e459511b0bb", size = 2359022 },
    { url = "https://files.pythonhosted.org/packages/69/ac/42b4d6bc0ea119ce2e91e1788feabf32c5433e9617dbb495c2a3d0dc7f12/grimp-3.14-cp312-cp312-manylinux_2_17_x86_64.manylinux2014_x86_64.whl", hash = "sha256:eea6b495f9b4a8d82f5ce544921e76d0d12017f5d1ac3a3bd2f5ac88ab055b1c", size = 2309424 },
    { url = "https://files.pythonhosted.org/packages/e8/c7/6a731989625c1790f4da7602dcbf9d6525512264e853cda77b3b3602d5e0/grimp-3.14-cp312-cp312-musllinux_1_2_aarch64.whl", hash = "sha256:655e8d3f79cd99bb859e09c9dd633515150e9d850879ca71417d5ac31809b745", size = 2462754 },
    { url = "https://files.pythonhosted.org/packages/cd/4d/3d1571c0a39a59dd68be4835f766da64fe64cbab0d69426210b716a8bdf0/grimp-3.14-cp312-cp312-musllinux_1_2_armv7l.whl", hash = "sha256:a14f10b1b71c6c37647a76e6a49c226509648107abc0f48c1e3ecd158ba05531", size = 2501356 },
    { url = "https://files.pythonhosted.org/packages/eb/d1/8950b8229095ebda5c54c8784e4d1f0a6e19423f2847289ef9751f878798/grimp-3.14-cp312-cp312-musllinux_1_2_i686.whl", hash = "sha256:81685111ee24d3e25f8ed9e77ed00b92b58b2414e1a1c2937236026900972744", size = 2504631 },
    { url = "https://files.pythonhosted.org/packages/0a/e6/23bed3da9206138d36d01890b656c7fb7adfb3a37daac8842d84d8777ade/grimp-3.14-cp312-cp312-musllinux_1_2_x86_64.whl", hash = "sha256:ce8352a8ea0e27b143136ea086582fc6653419aa8a7c15e28ed08c898c42b185", size = 2514751 },
    { url = "https://files.pythonhosted.org/packages/eb/45/6f1f55c97ee982f133ec5ccb22fc99bf5335aee70c208f4fb86cd833b8d5/grimp-3.14-cp312-cp312-win32.whl", hash = "sha256:3fc0f98b3c60d88e9ffa08faff3200f36604930972f8b29155f323b76ea25a06", size = 1875041 },
    { url = "https://files.pythonhosted.org/packages/cf/cf/03ba01288e2a41a948bc8526f32c2eeaddd683ed34be1b895e31658d5a4c/grimp-3.14-cp312-cp312-win_amd64.whl", hash = "sha256:6bca77d1d50c8dc402c96af21f4e28e2f1e9938eeabd7417592a22bd83cde3c3", size = 2013868 },
    { url = "https://files.pythonhosted.org/packages/3b/bd/d12a9c821b79ba31fc52243e564712b64140fc6d011c2bdbb483d9092a12/grimp-3.14-cp313-cp313-macosx_10_12_x86_64.whl", hash = "sha256:af8a625554beea84530b98cc471902155b5fc042b42dc47ec846fa3e32b0c615", size = 2178632 },
    { url = "https://files.pythonhosted.org/packages/96/8c/d6620dbc245149d5a5a7a9342733556ba91a672f358259c0ab31d889b56b/grimp-3.14-cp313-cp313-macosx_11_0_arm64.whl", hash = "sha256:0dd1942ffb419ad342f76b0c3d3d2d7f312b264ddc578179d13ce8d5acec1167", size = 2110288 },
    { url = "https://files.pythonhosted.org/packages/60/9d/ea51edc4eb295c99786040051c66466bfa235fd1def9f592057b36e03d0f/grimp-3.14-cp313-cp313-manylinux_2_17_aarch64.manylinux2014_aarch64.whl", hash = "sha256:537f784ce9b4acf8657f0b9714ab69a6c72ffa752eccc38a5a85506103b1a194", size = 2282197 },
    { url = "https://files.pythonhosted.org/packages/28/6e/7db27818ced6a797f976ca55d981a3af5c12aec6aeda12d63965847cd028/grimp-3.14-cp313-cp313-manylinux_2_17_armv7l.manylinux2014_armv7l.whl", hash = "sha256:78ab18c08770aa005bef67b873bc3946d33f65727e9f3e508155093db5fa57d6", size = 2235720 },
    { url = "https://files.pythonhosted.org/packages/37/26/0e3bbae4826bd6eaabf404738400414071e73ddb1e65bf487dcce17858c4/grimp-3.14-cp313-cp313-manylinux_2_17_i686.manylinux2014_i686.whl", hash = "sha256:28ca58728c27e7292c99f964e6ece9295c2f9cfdefc37c18dea0679c783ffb6f", size = 2393023 },
    { url = "https://files.pythonhosted.org/packages/49/f2/7da91db5703da34c7ef4c7cddcbb1a8fc30cd85fe54756eba942c6fb27d8/grimp-3.14-cp313-cp313-manylinux_2_17_ppc64le.manylinux2014_ppc64le.whl", hash = "sha256:9b5577de29c6c5ae6e08d4ca0ac361b45dba323aa145796e6b320a6ea35414b7", size = 2571108 },
    { url = "https://files.pythonhosted.org/packages/25/5e/4d6278f18032c7208696edf8be24a4b5f7fad80acc20ffca737344bcecb5/grimp-3.14-cp313-cp313-manylinux_2_17_s390x.manylinux2014_s390x.whl", hash = "sha256:5d7d1f9f42306f455abcec34db877e4887ff15f2777a43491f7ccbd6936c449b", size = 2358531 },
    { url = "https://files.pythonhosted.org/packages/24/fb/231c32493161ac82f27af6a56965daefa0ec6030fdaf5b948ddd5d68d000/grimp-3.14-cp313-cp313-manylinux_2_17_x86_64.manylinux2014_x86_64.whl", hash = "sha256:39bd5c9b7cef59ee30a05535e9cb4cbf45a3c503f22edce34d0aa79362a311a9", size = 2308831 },
    { url = "https://files.pythonhosted.org/packages/27/70/f6db325bf5efbbebc9c85cad0af865e821a12a0ba58ee309e938cbd5fedf/grimp-3.14-cp313-cp313-musllinux_1_2_aarch64.whl", hash = "sha256:7fec3116b4f780a1bc54176b19e6b9f2e36e2ef3164b8fc840660566af35df88", size = 2462138 },
    { url = "https://files.pythonhosted.org/packages/41/2e/cc3fe29cf07f70364018086840c228a190539ab8105147e34588db590792/grimp-3.14-cp313-cp313-musllinux_1_2_armv7l.whl", hash = "sha256:0233a35a5bbb23688d63e1736b54415fa9994ace8dfeb7de8514ed9dee212968", size = 2501393 },
    { url = "https://files.pythonhosted.org/packages/e5/eb/54cada9a726455148da23f64577b5cd164164d23a6449e3fa14551157356/grimp-3.14-cp313-cp313-musllinux_1_2_i686.whl", hash = "sha256:e46b2fef0f1da7e7e2f8129eb93c7e79db716ff7810140a22ce5504e10ed86df", size = 2504514 },
    { url = "https://files.pythonhosted.org/packages/e8/c7/e6afe4f0652df07e8762f61899d1202b73c22c559c804d0a09e5aab2ff17/grimp-3.14-cp313-cp313-musllinux_1_2_x86_64.whl", hash = "sha256:3e6d9b50623ee1c3d2a1927ec3f5d408995ea1f92f3e91ed996c908bb40e856f", size = 2514018 },
    { url = "https://files.pythonhosted.org/packages/75/13/2b8550acc1f010301f02c4fe9664810929fd9277cd032ab608b8534a96fb/grimp-3.14-cp313-cp313-win32.whl", hash = "sha256:fd57c56f5833c99320ec77e8ba5508d56f6fb48ec8032a942f7931cc6ebb80ce", size = 1874922 },
    { url = "https://files.pythonhosted.org/packages/46/c7/bc9db5a54ef22972cd17d15ad80a8fee274a471bd3f02300405702d29ea5/grimp-3.14-cp313-cp313-win_amd64.whl", hash = "sha256:173307cf881a126fe5120b7bbec7d54384002e3c83dcd8c4df6ce7f0fee07c53", size = 2013705 },
    { url = "https://files.pythonhosted.org/packages/80/7e/02710bf5e50997168c84ac622b10dd41d35515efd0c67549945ad20996a0/grimp-3.14-cp313-cp313t-manylinux_2_17_aarch64.manylinux2014_aarch64.whl", hash = "sha256:ebe29f8f13fbd7c314908ed535183a36e6db71839355b04869b27f23c58fa082", size = 2281868 },
    { url = "https://files.pythonhosted.org/packages/15/88/2e440c6762cc78bd50582e1b092357d2255f0852ccc6218d8db25170ab31/grimp-3.14-cp313-cp313t-manylinux_2_17_armv7l.manylinux2014_armv7l.whl", hash = "sha256:073d285b00100153fd86064c7726bb1b6d610df1356d33bb42d3fd8809cb6e72", size = 2230917 },
    { url = "https://files.pythonhosted.org/packages/a0/bb/2e7dce129b88f07fc525fe5c97f28cfb7ed7b62c59386d39226b4d08969c/grimp-3.14-cp313-cp313t-manylinux_2_17_ppc64le.manylinux2014_ppc64le.whl", hash = "sha256:f6d6efc37e1728bbfcd881b89467be5f7b046292597b3ebe5f8e44e89ea8b6cb", size = 2571371 },
    { url = "https://files.pythonhosted.org/packages/b5/2b/8f1be8294af60c953687db7dec25525d87ed9c2aa26b66dcbe5244abaca2/grimp-3.14-cp313-cp313t-manylinux_2_17_s390x.manylinux2014_s390x.whl", hash = "sha256:5337d65d81960b712574c41e85b480d4480bbb5c6f547c94e634f6c60d730889", size = 2356980 },
    { url = "https://files.pythonhosted.org/packages/35/ca/ead91e04b3ddd4774ae74601860ea0f0f21bcf6b970b6769ba9571eb2904/grimp-3.14-cp313-cp313t-musllinux_1_2_aarch64.whl", hash = "sha256:84a7fea63e352b325daa89b0b7297db411b7f0036f8d710c32f8e5090e1fc3ca", size = 2461540 },
    { url = "https://files.pythonhosted.org/packages/94/aa/f8a085ff73c37d6e6a37de9f58799a3fea9e16badf267aaef6f11c9a53a3/grimp-3.14-cp313-cp313t-musllinux_1_2_armv7l.whl", hash = "sha256:d0b19a3726377165fe1f7184a8af317734d80d32b371b6c5578747867ab53c0b", size = 2497925 },
    { url = "https://files.pythonhosted.org/packages/5a/a3/db3c2d6df07fe74faf5a28fcf3b44fad2831d323ba4a3c2ff66b77a6520c/grimp-3.14-cp313-cp313t-musllinux_1_2_i686.whl", hash = "sha256:9caa4991f530750f88474a3f5ecf6ef9f0d064034889d92db00cfb4ecb78aa24", size = 2501794 },
    { url = "https://files.pythonhosted.org/packages/e5/de/095f4e3765e7b60425a41e9fbd2b167f8b0acb957cc88c387f631778a09d/grimp-3.14-cp313-cp313t-musllinux_1_2_x86_64.whl", hash = "sha256:1876efc119b99332a5cc2b08a6bdaada2f0ad94b596f0372a497e2aa8bda4d94", size = 2515203 },
    { url = "https://files.pythonhosted.org/packages/c6/5f/ee02a3a1237282d324f596a50923bf9d2cb1b1230ef2fef49fb4d3563c2c/grimp-3.14-cp314-cp314-macosx_10_12_x86_64.whl", hash = "sha256:3ccf03e65864d6bc7bf1c003c319f5330a7627b3677f31143f11691a088464c2", size = 2177150 },
    { url = "https://files.pythonhosted.org/packages/f2/64/2a92889e5fc78e8ef5c548e6a5c6fed78b817eeb0253aca586c28108393a/grimp-3.14-cp314-cp314-macosx_11_0_arm64.whl", hash = "sha256:9ecd58fa58a270e7523f8bec9e6452f4fdb9c21e4cd370640829f1e43fa87a69", size = 2109280 },
    { url = "https://files.pythonhosted.org/packages/69/02/5d0b9ab54821e7fbdeb02f3919fa2cb8b9f0c3869fa6e4b969a5766f0ffa/grimp-3.14-cp314-cp314-manylinux_2_17_aarch64.manylinux2014_aarch64.whl", hash = "sha256:0d75d1f8f7944978b39b08d870315174f1ffcd5123be6ccff8ce90467ace648a", size = 2283367 },
    { url = "https://files.pythonhosted.org/packages/c2/96/a77c40c92faf7500f42ac019ab8de108b04ffe3db8ec8d6f90416d2322ce/grimp-3.14-cp314-cp314-manylinux_2_17_armv7l.manylinux2014_armv7l.whl", hash = "sha256:6f70bbb1dd6055d08d29e39a78a11c4118c1778b39d17cd8271e18e213524ca7", size = 2237125 },
    { url = "https://files.pythonhosted.org/packages/6a/5e/3e1483721c83057bff921cf454dd5ff3e661ae1d2e63150a380382d116c2/grimp-3.14-cp314-cp314-manylinux_2_17_i686.manylinux2014_i686.whl", hash = "sha256:0f21b7c003626c902669dc26ede83a91220cf0a81b51b27128370998c2f247b4", size = 2391735 },
    { url = "https://files.pythonhosted.org/packages/d0/cb/25fad4a174fe672d42f3e5616761a8120a3b03c8e9e2ae3f31159561968a/grimp-3.14-cp314-cp314-manylinux_2_17_ppc64le.manylinux2014_ppc64le.whl", hash = "sha256:80d9f056415c936b45561310296374c4319b5df0003da802c84d2830a103792a", size = 2571388 },
    { url = "https://files.pythonhosted.org/packages/29/7e/456df7f6a765ce3f160eb32a0f64ed0c1c3cd39b518555dde02087f9b6e4/grimp-3.14-cp314-cp314-manylinux_2_17_s390x.manylinux2014_s390x.whl", hash = "sha256:0332963cd63a45863775d4237e59dedf95455e0a1ea50c356be23100c5fc1d7c", size = 2359637 },
    { url = "https://files.pythonhosted.org/packages/7c/98/3e5005ef21a4e2243f0da489aba86aaaff0bc11d5240d67113482cba88e0/grimp-3.14-cp314-cp314-manylinux_2_17_x86_64.manylinux2014_x86_64.whl", hash = "sha256:7f4144350d074f2058fe7c89230a26b34296b161f085b0471a692cb2fe27036f", size = 2308335 },
    { url = "https://files.pythonhosted.org/packages/8a/03/4e055f756946d6f71ab7e9d1f8536a9e476777093dd7a050f40412d1a2b1/grimp-3.14-cp314-cp314-musllinux_1_2_aarch64.whl", hash = "sha256:e148e67975e92f90a8435b1b4c02180b9a3f3d725b7a188ba63793f1b1e445a0", size = 2463680 },
    { url = "https://files.pythonhosted.org/packages/26/b9/3c76b7c2e1587e4303a6eff6587c2117c3a7efe1b100cd13d8a4a5613572/grimp-3.14-cp314-cp314-musllinux_1_2_armv7l.whl", hash = "sha256:1093f7770cb5f3ca6f99fb152f9c949381cc0b078dfdfe598c8ab99abaccda3b", size = 2502808 },
    { url = "https://files.pythonhosted.org/packages/20/80/ada10b85ad3125ebedea10256d9c568b6bf28339d2f79d2d196a7b94f633/grimp-3.14-cp314-cp314-musllinux_1_2_i686.whl", hash = "sha256:a213f45ec69e9c2b28ffd3ba5ab12cc9859da17083ba4dc39317f2083b618111", size = 2504013 },
    { url = "https://files.pythonhosted.org/packages/05/45/7c369f749d50b0ceac23cd6874ca4695cc1359a96091c7010301e5c8b619/grimp-3.14-cp314-cp314-musllinux_1_2_x86_64.whl", hash = "sha256:5f003ac3f226d2437a49af0b6036f26edba57f8a32d329275dbde1b2b2a00a56", size = 2515043 },
    { url = "https://files.pythonhosted.org/packages/5c/32/85135fe83826ce11ae56a340d32a1391b91eed94d25ce7bc318019f735de/grimp-3.14-cp314-cp314-win32.whl", hash = "sha256:eec81be65a18f4b2af014b1e97296cc9ee20d1115529bf70dd7e06f457eac30b", size = 1877509 },
    { url = "https://files.pythonhosted.org/packages/db/61/e4a2234edecb3bb3cff8963bc4ec5cc482a9e3c54f8df0946d7d90003830/grimp-3.14-cp314-cp314-win_amd64.whl", hash = "sha256:cd3bab6164f1d5e313678f0ab4bf45955afe7f5bdb0f2f481014aa9cca7e81ba", size = 2014364 },
    { url = "https://files.pythonhosted.org/packages/16/be/3d304443fbf1df4d60c09668846d0c8a605c6c95646226e41d8f5c3254da/grimp-3.14-cp314-cp314t-manylinux_2_17_aarch64.manylinux2014_aarch64.whl", hash = "sha256:5b1df33de479be4d620f69633d1876858a8e64a79c07907d47cf3aaf896af057", size = 2281385 },
    { url = "https://files.pythonhosted.org/packages/fe/13/493e2648dbb83b3fc517ee675e464beb0154551d726053c7982a3138c6a8/grimp-3.14-cp314-cp314t-manylinux_2_17_armv7l.manylinux2014_armv7l.whl", hash = "sha256:07096d4402e9d5a2c59c402ea3d601f4b7f99025f5e32f077468846fc8d3821b", size = 2231470 },
    { url = "https://files.pythonhosted.org/packages/80/84/e772b302385a6b7ec752c88f84ffe35c33d14076245ae27a635aed9c63a2/grimp-3.14-cp314-cp314t-manylinux_2_17_ppc64le.manylinux2014_ppc64le.whl", hash = "sha256:712bc28f46b354316af50c469c77953ba3d6cb4166a62b8fb086436a8b05d301", size = 2571579 },
    { url = "https://files.pythonhosted.org/packages/69/92/5b23aa7b89c5f4f2cfa636cbeaf33e784378a6b0a823d77a3448670dfacc/grimp-3.14-cp314-cp314t-manylinux_2_17_s390x.manylinux2014_s390x.whl", hash = "sha256:abe2bbef1cf8e27df636c02f60184319f138dee4f3a949405c21a4b491980397", size = 2356545 },
    { url = "https://files.pythonhosted.org/packages/15/af/bcf2116f4b1c3939ab35f9cdddd9ca59e953e57e9a0ac0c143deaf9f29cc/grimp-3.14-cp314-cp314t-musllinux_1_2_aarch64.whl", hash = "sha256:2f9ae3fabb7a7a8468ddc96acc84ecabd84f168e7ca508ee94d8f32ea9bd5de2", size = 2461022 },
    { url = "https://files.pythonhosted.org/packages/81/ce/1a076dce6bc22bca4b9ad5d1bbcd7e1023dcf7bf20ea9404c6462d78f049/grimp-3.14-cp314-cp314t-musllinux_1_2_armv7l.whl", hash = "sha256:efaf11ea73f7f12d847c54a5d6edcbe919e0369dce2d1aabae6c50792e16f816", size = 2498256 },
    { url = "https://files.pythonhosted.org/packages/45/ea/ac735bed202c1c5c019e611b92d3861779e0cfbe2d20fdb0dec94266d248/grimp-3.14-cp314-cp314t-musllinux_1_2_i686.whl", hash = "sha256:e089c9ab8aa755ff5af88c55891727783b4eb6b228e7bdf278e17209d954aa1e", size = 2502056 },
    { url = "https://files.pythonhosted.org/packages/80/8f/774ce522de6a7e70fbeceeaeb6fbe502f5dfb8365728fb3bb4cb23463da8/grimp-3.14-cp314-cp314t-musllinux_1_2_x86_64.whl", hash = "sha256:a424ad14d5deb56721ac24ab939747f72ab3d378d42e7d1f038317d33b052b77", size = 2515157 },
    { url = "https://files.pythonhosted.org/packages/65/cc/dbc00210d0324b8fc1242d8e857757c7e0b62ff0fc0c1bc8dcc42342da85/grimp-3.14-pp311-pypy311_pp73-manylinux_2_17_aarch64.manylinux2014_aarch64.whl", hash = "sha256:7c8a8aab9b4310a7e69d7d845cac21cf14563aa0520ea322b948eadeae56d303", size = 2284804 },
    { url = "https://files.pythonhosted.org/packages/80/89/851d3d345342e9bcec3fe85d3997db29501fa59f958c1566bf3e24d9d7d9/grimp-3.14-pp311-pypy311_pp73-manylinux_2_17_armv7l.manylinux2014_armv7l.whl", hash = "sha256:d781943b27e5875a41c8f9cfc80f8f0a349f864379192b8c3faa0e6a22593313", size = 2235176 },
    { url = "https://files.pythonhosted.org/packages/58/78/5f94702a8d5c121cafcdc9664de34c34f19d0d91a1127bf3946a2631f7a3/grimp-3.14-pp311-pypy311_pp73-manylinux_2_17_i686.manylinux2014_i686.whl", hash = "sha256:9630d4633607aff94d0ac84b9c64fef1382cdb05b00d9acbde47f8745e264871", size = 2391258 },
    { url = "https://files.pythonhosted.org/packages/e9/a2/df8c79de5c9e227856d048cc1551c4742a5f97660c40304ac278bd48607f/grimp-3.14-pp311-pypy311_pp73-manylinux_2_17_ppc64le.manylinux2014_ppc64le.whl", hash = "sha256:7cb00e1bcca583668554a8e9e1e4229a1d11b0620969310aae40148829ff6a32", size = 2571443 },
    { url = "https://files.pythonhosted.org/packages/f0/21/747b7ed9572bbdc34a76dfec12ce510e80164b1aa06d3b21b34994e5f567/grimp-3.14-pp311-pypy311_pp73-manylinux_2_17_s390x.manylinux2014_s390x.whl", hash = "sha256:3389da4ceaaa7f7de24a668c0afc307a9f95997bd90f81ec359a828a9bd1d270", size = 2357767 },
    { url = "https://files.pythonhosted.org/packages/0c/e6/485c5e3b64933e71f72f0cc45b0d7130418a6a5a13cedc2e8411bd76f290/grimp-3.14-pp311-pypy311_pp73-manylinux_2_17_x86_64.manylinux2014_x86_64.whl", hash = "sha256:cd7a32970ef97e42d4e7369397c7795287d84a736d788ccb90b6c14f0561d975", size = 2309069 },
    { url = "https://files.pythonhosted.org/packages/31/bd/12024a8cba1c77facc1422a7b48cd0d04c252fc9178fd6f99dc05a8af57b/grimp-3.14-pp311-pypy311_pp73-musllinux_1_2_aarch64.whl", hash = "sha256:fd1278623fa09f62abc0fd8a6500f31b421a1fd479980f44c2926020a0becf02", size = 2466429 },
    { url = "https://files.pythonhosted.org/packages/ee/7f/0e5977887e1c8f00f84bb4125217534806ffdcef9cf52f3580aa3b151f4b/grimp-3.14-pp311-pypy311_pp73-musllinux_1_2_armv7l.whl", hash = "sha256:9cfa52c89333d3d8fe9dc782529e888270d060231c3783e036d424044671dde0", size = 2501190 },
    { url = "https://files.pythonhosted.org/packages/42/6b/06acb94b6d0d8c7277bb3e33f93224aa3be5b04643f853479d3bf7b23ace/grimp-3.14-pp311-pypy311_pp73-musllinux_1_2_i686.whl", hash = "sha256:48a5be4a12fca6587e6885b4fc13b9e242ab8bf874519292f0f13814aecf52cc", size = 2503440 },
    { url = "https://files.pythonhosted.org/packages/5b/4d/2e531370d12e7a564f67f680234710bbc08554238a54991cd244feb61fb6/grimp-3.14-pp311-pypy311_pp73-musllinux_1_2_x86_64.whl", hash = "sha256:3fcc332466783a12a42cd317fd344c30fe734ba4fa2362efff132dc3f8d36da7", size = 2516525 },
]

[[package]]
name = "import-linter"
version = "2.11"
source = { registry = "https://pypi.org/simple" }
dependencies = [
    { name = "click" },
    { name = "grimp" },
    { name = "rich" },
    { name = "typing-extensions" },
]
sdist = { url = "https://files.pythonhosted.org/packages/ba/66/55b697a17bb15c6cb88d97d73716813f5427281527b90f02cc0a600abc6e/import_linter-2.11.tar.gz", hash = "sha256:5abc3394797a54f9bae315e7242dc98715ba485f840ac38c6d3192c370d0085e", size = 1153682 }
wheels = [
    { url = "https://files.pythonhosted.org/packages/e9/aa/2ed2c89543632ded7196e0d93dcc6c7fe87769e88391a648c4a298ea864a/import_linter-2.11-py3-none-any.whl", hash = "sha256:3dc54cae933bae3430358c30989762b721c77aa99d424f56a08265be0eeaa465", size = 637315 },
]

[[package]]
name = "iniconfig"
version = "2.1.0"
source = { registry = "https://pypi.org/simple" }
sdist = { url = "https://files.pythonhosted.org/packages/f2/97/ebf4da567aa6827c909642694d71c9fcf53e5b504f2d96afea02718862f3/iniconfig-2.1.0.tar.gz", hash = "sha256:3abbd2e30b36733fee78f9c7f7308f2d0050e88f0087fd25c2645f63c773e1c7", size = 4793 }
wheels = [
    { url = "https://files.pythonhosted.org/packages/2c/e1/e6716421ea10d38022b952c159d5161ca1193197fb744506875fbb87ea7b/iniconfig-2.1.0-py3-none-any.whl", hash = "sha256:9deba5723312380e77435581c6bf4935c94cbfab9b1ed33ef8d238ea168eb760", size = 6050 },
]

[[package]]
name = "markdown-it-py"
version = "4.2.0"
source = { registry = "https://pypi.org/simple" }
dependencies = [
    { name = "mdurl" },
]
sdist = { url = "https://files.pythonhosted.org/packages/06/ff/7841249c247aa650a76b9ee4bbaeae59370dc8bfd2f6c01f3630c35eb134/markdown_it_py-4.2.0.tar.gz", hash = "sha256:04a21681d6fbb623de53f6f364d352309d4094dd4194040a10fd51833e418d49", size = 82454 }
wheels = [
    { url = "https://files.pythonhosted.org/packages/b3/81/4da04ced5a082363ecfa159c010d200ecbd959ae410c10c0264a38cac0f5/markdown_it_py-4.2.0-py3-none-any.whl", hash = "sha256:9f7ebbcd14fe59494226453aed97c1070d83f8d24b6fc3a3bcf9a38092641c4a", size = 91687 },
]

[[package]]
name = "mdurl"
version = "0.1.2"
source = { registry = "https://pypi.org/simple" }
sdist = { url = "https://files.pythonhosted.org/packages/d6/54/cfe61301667036ec958cb99bd3efefba235e65cdeb9c84d24a8293ba1d90/mdurl-0.1.2.tar.gz", hash = "sha256:bb413d29f5eea38f31dd4754dd7377d4465116fb207585f97bf925588687c1ba", size = 8729 }
wheels = [
    { url = "https://files.pythonhosted.org/packages/b3/38/89ba8ad64ae25be8de66a6d463314cf1eb366222074cfda9ee839c56a4b4/mdurl-0.1.2-py3-none-any.whl", hash = "sha256:84008a41e51615a49fc9966191ff91509e3c40b939176e643fd50a5c2196b8f8", size = 9979 },
]

[[package]]
name = "nodeenv"
version = "1.10.0"
source = { registry = "https://pypi.org/simple" }
sdist = { url = "https://files.pythonhosted.org/packages/24/bf/d1bda4f6168e0b2e9e5958945e01910052158313224ada5ce1fb2e1113b8/nodeenv-1.10.0.tar.gz", hash = "sha256:996c191ad80897d076bdfba80a41994c2b47c68e224c542b48feba42ba00f8bb", size = 55611 }
wheels = [
    { url = "https://files.pythonhosted.org/packages/88/b2/d0896bdcdc8d28a7fc5717c305f1a861c26e18c05047949fb371034d98bd/nodeenv-1.10.0-py2.py3-none-any.whl", hash = "sha256:5bb13e3eed2923615535339b3c620e76779af4cb4c6a90deccc9e36b274d3827", size = 23438 },
]

[[package]]
name = "packaging"
version = "24.2"
source = { registry = "https://pypi.org/simple" }
sdist = { url = "https://files.pythonhosted.org/packages/d0/63/68dbb6eb2de9cb10ee4c9c14a0148804425e13c4fb20d61cce69f53106da/packaging-24.2.tar.gz", hash = "sha256:c228a6dc5e932d346bc5739379109d49e8853dd8223571c7c5b55260edc0b97f", size = 163950 }
wheels = [
    { url = "https://files.pythonhosted.org/packages/88/ef/eb23f262cca3c0c4eb7ab1933c3b1f03d021f2c48f54763065b6f0e321be/packaging-24.2-py3-none-any.whl", hash = "sha256:09abb1bccd265c01f4a3aa3f7a7db064b36514d2cba19a2f694fe6150451a759", size = 65451 },
]

[[package]]
name = "pluggy"
version = "1.5.0"
source = { registry = "https://pypi.org/simple" }
sdist = { url = "https://files.pythonhosted.org/packages/96/2d/02d4312c973c6050a18b314a5ad0b3210edb65a906f868e31c111dede4a6/pluggy-1.5.0.tar.gz", hash = "sha256:2cffa88e94fdc978c4c574f15f9e59b7f4201d439195c3715ca9e2486f1d0cf1", size = 67955 }
wheels = [
    { url = "https://files.pythonhosted.org/packages/88/5f/e351af9a41f866ac3f1fac4ca0613908d9a41741cfcf2228f4ad853b697d/pluggy-1.5.0-py3-none-any.whl", hash = "sha256:44e1ad92c8ca002de6377e165f3e0f1be63266ab4d554740532335b9d75ea669", size = 20556 },
]

[[package]]
name = "pygments"
version = "2.20.0"
source = { registry = "https://pypi.org/simple" }
sdist = { url = "https://files.pythonhosted.org/packages/c3/b2/bc9c9196916376152d655522fdcebac55e66de6603a76a02bca1b6414f6c/pygments-2.20.0.tar.gz", hash = "sha256:6757cd03768053ff99f3039c1a36d6c0aa0b263438fcab17520b30a303a82b5f", size = 4955991 }
wheels = [
    { url = "https://files.pythonhosted.org/packages/f4/7e/a72dd26f3b0f4f2bf1dd8923c85f7ceb43172af56d63c7383eb62b332364/pygments-2.20.0-py3-none-any.whl", hash = "sha256:81a9e26dd42fd28a23a2d169d86d7ac03b46e2f8b59ed4698fb4785f946d0176", size = 1231151 },
]

[[package]]
name = "pymotivaxmc2"
version = "0.7.0"
source = { editable = "." }
dependencies = [
    { name = "typing-extensions" },
]

[package.optional-dependencies]
dev = [
    { name = "import-linter" },
    { name = "pyright" },
    { name = "pytest" },
    { name = "pytest-asyncio" },
]

[package.metadata]
requires-dist = [
    { name = "import-linter", marker = "extra == 'dev'", specifier = ">=2.0" },
    { name = "pyright", marker = "extra == 'dev'", specifier = "==1.1.410" },
    { name = "pytest", marker = "extra == 'dev'", specifier = ">=8.3.5" },
    { name = "pytest-asyncio", marker = "extra == 'dev'", specifier = ">=0.26.0" },
    { name = "typing-extensions", specifier = ">=3.7.4" },
]
provides-extras = ["dev"]

[[package]]
name = "pyright"
version = "1.1.410"
source = { registry = "https://pypi.org/simple" }
dependencies = [
    { name = "nodeenv" },
    { name = "typing-extensions" },
]
sdist = { url = "https://files.pythonhosted.org/packages/10/53/e4d8ea1391bd4355231be6f91bf239479aa0014260ed3fb5526eeb12a1f2/pyright-1.1.410.tar.gz", hash = "sha256:07a073b8ba6749826773c1269773efa11b93440d9a6aa60419d9a3172d6dc488", size = 4062013 }
wheels = [
    { url = "https://files.pythonhosted.org/packages/d7/33/288b5868fa00846dacf249633719d747893e54aebd196b9968ac1878a5d3/pyright-1.1.410-py3-none-any.whl", hash = "sha256:5e961bed37cacf96b3f7cd7b1da39b350a9239aa2e69138d0e88f728cfaf296c", size = 6082448 },
]

[[package]]
name = "pytest"
version = "8.3.5"
source = { registry = "https://pypi.org/simple" }
dependencies = [
    { name = "colorama", marker = "sys_platform == 'win32'" },
    { name = "iniconfig" },
    { name = "packaging" },
    { name = "pluggy" },
]
sdist = { url = "https://files.pythonhosted.org/packages/ae/3c/c9d525a414d506893f0cd8a8d0de7706446213181570cdbd766691164e40/pytest-8.3.5.tar.gz", hash = "sha256:f4efe70cc14e511565ac476b57c279e12a855b11f48f212af1080ef2263d3845", size = 1450891 }
wheels = [
    { url = "https://files.pythonhosted.org/packages/30/3d/64ad57c803f1fa1e963a7946b6e0fea4a70df53c1a7fed304586539c2bac/pytest-8.3.5-py3-none-any.whl", hash = "sha256:c69214aa47deac29fad6c2a4f590b9c4a9fdb16a403176fe154b79c0b4d4d820", size = 343634 },
]

[[package]]
name = "pytest-asyncio"
version = "0.26.0"
source = { registry = "https://pypi.org/simple" }
dependencies = [
    { name = "pytest" },
]
sdist = { url = "https://files.pythonhosted.org/packages/8e/c4/453c52c659521066969523e87d85d54139bbd17b78f09532fb8eb8cdb58e/pytest_asyncio-0.26.0.tar.gz", hash = "sha256:c4df2a697648241ff39e7f0e4a73050b03f123f760673956cf0d72a4990e312f", size = 54156 }
wheels = [
    { url = "https://files.pythonhosted.org/packages/20/7f/338843f449ace853647ace35870874f69a764d251872ed1b4de9f234822c/pytest_asyncio-0.26.0-py3-none-any.whl", hash = "sha256:7b51ed894f4fbea1340262bdae5135797ebbe21d8638978e35d31c6d19f72fb0", size = 19694 },
]

[[package]]
name = "rich"
version = "15.0.0"
source = { registry = "https://pypi.org/simple" }
dependencies = [
    { name = "markdown-it-py" },
    { name = "pygments" },
]
sdist = { url = "https://files.pythonhosted.org/packages/c0/8f/0722ca900cc807c13a6a0c696dacf35430f72e0ec571c4275d2371fca3e9/rich-15.0.0.tar.gz", hash = "sha256:edd07a4824c6b40189fb7ac9bc4c52536e9780fbbfbddf6f1e2502c31b068c36", size = 230680 }
wheels = [
    { url = "https://files.pythonhosted.org/packages/82/3b/64d4899d73f91ba49a8c18a8ff3f0ea8f1c1d75481760df8c68ef5235bf5/rich-15.0.0-py3-none-any.whl", hash = "sha256:33bd4ef74232fb73fe9279a257718407f169c09b78a87ad3d296f548e27de0bb", size = 310654 },
]

[[package]]
name = "typing-extensions"
version = "4.13.2"
source = { registry = "https://pypi.org/simple" }
sdist = { url = "https://files.pythonhosted.org/packages/f6/37/23083fcd6e35492953e8d2aaaa68b860eb422b34627b13f2ce3eb6106061/typing_extensions-4.13.2.tar.gz", hash = "sha256:e6c81219bd689f51865d9e372991c540bda33a0379d5573cddb9a3a23f7caaef", size = 106967 }
wheels = [
    { url = "https://files.pythonhosted.org/packages/8b/54/b1ae86c0973cc6f0210b53d508ca3641fb6d0c56823f288d108bc7ab3cc8/typing_extensions-4.13.2-py3-none-any.whl", hash = "sha256:a439e7c04b49fec3e5d3e2beaa21755cadbbdc391694e28ccdd36ca4a1408f8c", size = 45806 },
]
